
Microsoft Visual Studio Solution File, Format Version 12.00
# Visual Studio Version 17
VisualStudioVersion = 17.9.34723.18
MinimumVisualStudioVersion = 10.0.40219.1
Project("{FAE04EC0-301F-11D3-BF4B-00C04F79EFBC}") = "Project_Course_Compiler", "Project_Course_Compiler\Project_Course_Compiler.csproj", "{486D14E5-CBD1-43D4-A520-D233BA1CDB54}"
EndProject
Global
	GlobalSection(SolutionConfigurationPlatforms) = preSolution
		Debug|Any CPU = Debug|Any CPU
		Release|Any CPU = Release|Any CPU
	EndGlobalSection
	GlobalSection(ProjectConfigurationPlatforms) = postSolution
		{486D14E5-CBD1-43D4-A520-D233BA1CDB54}.Debug|Any CPU.ActiveCfg = Debug|Any CPU
		{486D14E5-CBD1-43D4-A520-D233BA1CDB54}.Debug|Any CPU.Build.0 = Debug|Any CPU
		{486D14E5-CBD1-43D4-A520-D233BA1CDB54}.Release|Any CPU.ActiveCfg = Release|Any CPU
		{486D14E5-CBD1-43D4-A520-D233BA1CDB54}.Release|Any CPU.Build.0 = Release|Any CPU
	EndGlobalSection
	GlobalSection(SolutionProperties) = preSolution
		HideSolutionNode = FALSE
	EndGlobalSection
	GlobalSection(ExtensibilityGlobals) = postSolution
		SolutionGuid = {E1DDB3F3-3CB3-4912-865F-837C5BED57ED}
	EndGlobalSection
EndGlobal
